
Microsoft Visual Studio Solution File, Format Version 12.00
# Visual Studio Version 17
VisualStudioVersion = 17.7.34202.233
MinimumVisualStudioVersion = 10.0.40219.1
Project("{FAE04EC0-301F-11D3-BF4B-00C04F79EFBC}") = "Omnitool", "Omnitool\Omnitool.csproj", "{919D813B-F328-4CA8-A124-EFCA6FFC461C}"
EndProject
Global
	GlobalSection(SolutionConfigurationPlatforms) = preSolution
		Debug|Any CPU = Debug|Any CPU
		Release|Any CPU = Release|Any CPU
	EndGlobalSection
	GlobalSection(ProjectConfigurationPlatforms) = postSolution
		{919D813B-F328-4CA8-A124-EFCA6FFC461C}.Debug|Any CPU.ActiveCfg = Debug|Any CPU
		{919D813B-F328-4CA8-A124-EFCA6FFC461C}.Debug|Any CPU.Build.0 = Debug|Any CPU
		{919D813B-F328-4CA8-A124-EFCA6FFC461C}.Release|Any CPU.ActiveCfg = Release|Any CPU
		{919D813B-F328-4CA8-A124-EFCA6FFC461C}.Release|Any CPU.Build.0 = Release|Any CPU
	EndGlobalSection
	GlobalSection(SolutionProperties) = preSolution
		HideSolutionNode = FALSE
	EndGlobalSection
	GlobalSection(ExtensibilityGlobals) = postSolution
		SolutionGuid = {957E1CE2-0B8E-4D05-8AE1-8117F88A973B}
	EndGlobalSection
EndGlobal
